
Microsoft Visual Studio Solution File, Format Version 12.00
# Visual Studio Version 17
VisualStudioVersion = 17.3.32922.545
MinimumVisualStudioVersion = 10.0.40219.1
Project("{FAE04EC0-301F-11D3-BF4B-00C04F79EFBC}") = "WSR-Airlines", "WSR-Airlines\WSR-Airlines.csproj", "{F2F217F5-5127-4330-AC89-97F25DAC5F74}"
EndProject
Global
	GlobalSection(SolutionConfigurationPlatforms) = preSolution
		Debug|Any CPU = Debug|Any CPU
		Release|Any CPU = Release|Any CPU
	EndGlobalSection
	GlobalSection(ProjectConfigurationPlatforms) = postSolution
		{F2F217F5-5127-4330-AC89-97F25DAC5F74}.Debug|Any CPU.ActiveCfg = Debug|Any CPU
		{F2F217F5-5127-4330-AC89-97F25DAC5F74}.Debug|Any CPU.Build.0 = Debug|Any CPU
		{F2F217F5-5127-4330-AC89-97F25DAC5F74}.Release|Any CPU.ActiveCfg = Release|Any CPU
		{F2F217F5-5127-4330-AC89-97F25DAC5F74}.Release|Any CPU.Build.0 = Release|Any CPU
	EndGlobalSection
	GlobalSection(SolutionProperties) = preSolution
		HideSolutionNode = FALSE
	EndGlobalSection
	GlobalSection(ExtensibilityGlobals) = postSolution
		SolutionGuid = {FE523A11-7164-418C-AD6B-3CB637297BD1}
	EndGlobalSection
EndGlobal
